// !$*UTF8*$!
{
	archiveVersion = 1;
	classes = {
	};
	objectVersion = 46;
	objects = {
/* Begin PBXBuildFile section */
		00C302E51ABCBA2D00DB3ED1 /* libRCTActionSheet.a in Frameworks */ = {isa = PBXBuildFile; fileRef = 00C302AC1ABCB8CE00DB3ED1 /* libRCTActionSheet.a */; };
		00C302E71ABCBA2D00DB3ED1 /* libRCTGeolocation.a in Frameworks */ = {isa = PBXBuildFile; fileRef = 00C302BA1ABCB90400DB3ED1 /* libRCTGeolocation.a */; };
		00C302E81ABCBA2D00DB3ED1 /* libRCTImage.a in Frameworks */ = {isa = PBXBuildFile; fileRef = 00C302C01ABCB91800DB3ED1 /* libRCTImage.a */; };
		00C302E91ABCBA2D00DB3ED1 /* libRCTNetwork.a in Frameworks */ = {isa = PBXBuildFile; fileRef = 00C302DC1ABCB9D200DB3ED1 /* libRCTNetwork.a */; };
		00C302EA1ABCBA2D00DB3ED1 /* libRCTVibration.a in Frameworks */ = {isa = PBXBuildFile; fileRef = 00C302E41ABCB9EE00DB3ED1 /* libRCTVibration.a */; };
		00E356F31AD99517003FC87E /* hopePingTests.m in Sources */ = {isa = PBXBuildFile; fileRef = 00E356F21AD99517003FC87E /* hopePingTests.m */; };
		02C31DEEFECA40F4870A5333 /* Microsoft Sans Serif.ttf in Resources */ = {isa = PBXBuildFile; fileRef = 0FBEFB32CA84426898B73608 /* Microsoft Sans Serif.ttf */; };
		053616BE66564393BC1701E1 /* Comic Sans MS.ttf in Resources */ = {isa = PBXBuildFile; fileRef = BDDDBF3FE42848FFAB0DBD7F /* Comic Sans MS.ttf */; };
		12048F3429D64C1B9B79BE10 /* SF-UI-Text-Regular.otf in Resources */ = {isa = PBXBuildFile; fileRef = 76E74FAC875E438F9B2058B5 /* SF-UI-Text-Regular.otf */; };
		133E29F31AD74F7200F7D852 /* libRCTLinking.a in Frameworks */ = {isa = PBXBuildFile; fileRef = 78C398B91ACF4ADC00677621 /* libRCTLinking.a */; };
		139105C61AF99C1200B5F7CC /* libRCTSettings.a in Frameworks */ = {isa = PBXBuildFile; fileRef = 139105C11AF99BAD00B5F7CC /* libRCTSettings.a */; };
		139FDEF61B0652A700C62182 /* libRCTWebSocket.a in Frameworks */ = {isa = PBXBuildFile; fileRef = 139FDEF41B06529B00C62182 /* libRCTWebSocket.a */; };
		13B07FBC1A68108700A75B9A /* AppDelegate.m in Sources */ = {isa = PBXBuildFile; fileRef = 13B07FB01A68108700A75B9A /* AppDelegate.m */; };
		13B07FBD1A68108700A75B9A /* LaunchScreen.xib in Resources */ = {isa = PBXBuildFile; fileRef = 13B07FB11A68108700A75B9A /* LaunchScreen.xib */; };
		13B07FBF1A68108700A75B9A /* Images.xcassets in Resources */ = {isa = PBXBuildFile; fileRef = 13B07FB51A68108700A75B9A /* Images.xcassets */; };
		13B07FC11A68108700A75B9A /* main.m in Sources */ = {isa = PBXBuildFile; fileRef = 13B07FB71A68108700A75B9A /* main.m */; };
		140ED2AC1D01E1AD002B40FF /* libReact.a in Frameworks */ = {isa = PBXBuildFile; fileRef = 146834041AC3E56700842450 /* libReact.a */; };
		146834051AC3E58100842450 /* libReact.a in Frameworks */ = {isa = PBXBuildFile; fileRef = 146834041AC3E56700842450 /* libReact.a */; };
		2724B1C75D124C188AD94FD8 /* Zocial.ttf in Resources */ = {isa = PBXBuildFile; fileRef = F09662DE4DF14AC5B40291BE /* Zocial.ttf */; };
		29EA6026338E496B8E51DB31 /* libRNCookieManagerIOS.a in Frameworks */ = {isa = PBXBuildFile; fileRef = B0504AC4C9C74890BD29275D /* libRNCookieManagerIOS.a */; };
		4C7C6B5D61D64A29BC30A96F /* Octicons.ttf in Resources */ = {isa = PBXBuildFile; fileRef = 4109D5793CF84DBD873EAA01 /* Octicons.ttf */; };
		4D3CE0EEE8E845DCAC519331 /* Arial.ttf in Resources */ = {isa = PBXBuildFile; fileRef = DB15D9233F7644048B6AC4FD /* Arial.ttf */; };
		5147D43211AA4AEFB64A05B2 /* Ionicons.ttf in Resources */ = {isa = PBXBuildFile; fileRef = D72FB9118F894DDA94BB38CC /* Ionicons.ttf */; };
		5C9002A8F492465AB6C58CD9 /* libRNVectorIcons.a in Frameworks */ = {isa = PBXBuildFile; fileRef = F3BF360BB4B14754A5CD343F /* libRNVectorIcons.a */; };
		6126FF95F8FE434FB26B982F /* Skia.ttf in Resources */ = {isa = PBXBuildFile; fileRef = 5FCBE9F15B6B42C78DE92D08 /* Skia.ttf */; };
		6E4F53E86CA8476195A160DB /* Georgia.ttf in Resources */ = {isa = PBXBuildFile; fileRef = 66028C030F9F4C829E04C364 /* Georgia.ttf */; };
		7036D44EBAF04DEDBCD8E891 /* SimpleLineIcons.ttf in Resources */ = {isa = PBXBuildFile; fileRef = A992A0F3EC684171AB29A4C7 /* SimpleLineIcons.ttf */; };
		832341BD1AAA6AB300B99B32 /* libRCTText.a in Frameworks */ = {isa = PBXBuildFile; fileRef = 832341B51AAA6A8300B99B32 /* libRCTText.a */; };
		9C384EEF5B7B466EBE02AC86 /* FontAwesome.ttf in Resources */ = {isa = PBXBuildFile; fileRef = CEF3A9D5DF4B4F28A40C432F /* FontAwesome.ttf */; };
		A7FE06C931D64A359170132B /* Courier New.ttf in Resources */ = {isa = PBXBuildFile; fileRef = 26C302486EAB4852B99BAD24 /* Courier New.ttf */; };
		A87625DFD7DB4BDF947735CD /* Foundation.ttf in Resources */ = {isa = PBXBuildFile; fileRef = B73D12E8A9A64105BEA373E6 /* Foundation.ttf */; };
		B0CC70DE1DD258A5001F6FE0 /* Pacifico.ttf in Resources */ = {isa = PBXBuildFile; fileRef = B0CC70D31DD258A5001F6FE0 /* Pacifico.ttf */; };
		B0CC70DF1DD258A5001F6FE0 /* JosefinSlab-Bold.ttf in Resources */ = {isa = PBXBuildFile; fileRef = B0CC70D41DD258A5001F6FE0 /* JosefinSlab-Bold.ttf */; };
		B0CC70E01DD258A5001F6FE0 /* JosefinSlab-BoldItalic.ttf in Resources */ = {isa = PBXBuildFile; fileRef = B0CC70D51DD258A5001F6FE0 /* JosefinSlab-BoldItalic.ttf */; };
		B0CC70E11DD258A5001F6FE0 /* JosefinSlab-Italic.ttf in Resources */ = {isa = PBXBuildFile; fileRef = B0CC70D61DD258A5001F6FE0 /* JosefinSlab-Italic.ttf */; };
		B0CC70E21DD258A5001F6FE0 /* JosefinSlab-Light.ttf in Resources */ = {isa = PBXBuildFile; fileRef = B0CC70D71DD258A5001F6FE0 /* JosefinSlab-Light.ttf */; };
		B0CC70E31DD258A5001F6FE0 /* JosefinSlab-LightItalic.ttf in Resources */ = {isa = PBXBuildFile; fileRef = B0CC70D81DD258A5001F6FE0 /* JosefinSlab-LightItalic.ttf */; };
		B0CC70E41DD258A5001F6FE0 /* JosefinSlab-Regular.ttf in Resources */ = {isa = PBXBuildFile; fileRef = B0CC70D91DD258A5001F6FE0 /* JosefinSlab-Regular.ttf */; };
		B0CC70E51DD258A5001F6FE0 /* JosefinSlab-SemiBold.ttf in Resources */ = {isa = PBXBuildFile; fileRef = B0CC70DA1DD258A5001F6FE0 /* JosefinSlab-SemiBold.ttf */; };
		B0CC70E61DD258A5001F6FE0 /* JosefinSlab-SemiBoldItalic.ttf in Resources */ = {isa = PBXBuildFile; fileRef = B0CC70DB1DD258A5001F6FE0 /* JosefinSlab-SemiBoldItalic.ttf */; };
		B0CC70E71DD258A5001F6FE0 /* JosefinSlab-Thin.ttf in Resources */ = {isa = PBXBuildFile; fileRef = B0CC70DC1DD258A5001F6FE0 /* JosefinSlab-Thin.ttf */; };
		B0CC70E81DD258A5001F6FE0 /* JosefinSlab-ThinItalic.ttf in Resources */ = {isa = PBXBuildFile; fileRef = B0CC70DD1DD258A5001F6FE0 /* JosefinSlab-ThinItalic.ttf */; };
		C3F4FB6CFE334AD09350B6CD /* Times New Roman.ttf in Resources */ = {isa = PBXBuildFile; fileRef = 1B59294B258146FD8F6B3265 /* Times New Roman.ttf */; };
		CFFCB4CA24854D7DBCD326BF /* Andale Mono.ttf in Resources */ = {isa = PBXBuildFile; fileRef = E059352BD9F94834AE87F6AC /* Andale Mono.ttf */; };
		E4865A2F3ED14E4C97F63451 /* Entypo.ttf in Resources */ = {isa = PBXBuildFile; fileRef = E539017264904F3D96EAA0CD /* Entypo.ttf */; };
		EFB64750E26444ADB250EA88 /* Arial Black.ttf in Resources */ = {isa = PBXBuildFile; fileRef = 1E062C5D7A844AD6B7F8DADD /* Arial Black.ttf */; };
		F539055BA64D402CB3C2B869 /* MaterialIcons.ttf in Resources */ = {isa = PBXBuildFile; fileRef = 2854A684A84D40F7AB57536D /* MaterialIcons.ttf */; };
		F68665D1C91249ECA42FD10C /* Roboto_medium.ttf in Resources */ = {isa = PBXBuildFile; fileRef = 4E0F4E0B09914A98AFEEFA1B /* Roboto_medium.ttf */; };
		FAD98A933BC944E4956A5B14 /* Roboto.ttf in Resources */ = {isa = PBXBuildFile; fileRef = A39972F16C034D6E9494E21F /* Roboto.ttf */; };
		FB00CC8C076E45B39E826923 /* EvilIcons.ttf in Resources */ = {isa = PBXBuildFile; fileRef = 7FA48FC88EEA47AD8A47D72B /* EvilIcons.ttf */; };
		01F6A6B14E0145238F88735D /* IMFeFCsc28P.ttf in Resources */ = {isa = PBXBuildFile; fileRef = EF1118F2AFD544CE9A717B12 /* IMFeFCsc28P.ttf */; };
		FE90B5B932F24703B3997C31 /* OpenSans-Bold.ttf in Resources */ = {isa = PBXBuildFile; fileRef = 17B5C1F168734064889E32BC /* OpenSans-Bold.ttf */; };
		D2F39446893E4CF0BC752490 /* OpenSans-BoldItalic.ttf in Resources */ = {isa = PBXBuildFile; fileRef = FF0871A3DACE4AAEA8CCD48A /* OpenSans-BoldItalic.ttf */; };
		85698C5F98804AE3BDC999E5 /* OpenSans-ExtraBold.ttf in Resources */ = {isa = PBXBuildFile; fileRef = D60A4517366D4115A63969ED /* OpenSans-ExtraBold.ttf */; };
		E95E1A4561154A238D9BF304 /* OpenSans-ExtraBoldItalic.ttf in Resources */ = {isa = PBXBuildFile; fileRef = 3B0ADDAB4C844742ABB4E93C /* OpenSans-ExtraBoldItalic.ttf */; };
		9718F9877DF9436BB90417A1 /* OpenSans-Italic.ttf in Resources */ = {isa = PBXBuildFile; fileRef = F54A8F5BDA96440B8D539185 /* OpenSans-Italic.ttf */; };
		50BEA7C668EE448088C91A8E /* OpenSans-Light.ttf in Resources */ = {isa = PBXBuildFile; fileRef = D44333DBE1FD46B19ED72462 /* OpenSans-Light.ttf */; };
		4C90D70BAF4B4A5BBF7C9D81 /* OpenSans-LightItalic.ttf in Resources */ = {isa = PBXBuildFile; fileRef = 577C002DFDD140DDB114D298 /* OpenSans-LightItalic.ttf */; };
		FE3AC4219F7E453DB0B16B77 /* OpenSans-Regular.ttf in Resources */ = {isa = PBXBuildFile; fileRef = 62733FC264C54EAC8CD7E834 /* OpenSans-Regular.ttf */; };
		BA9100CE82E94F16981818A7 /* OpenSans-Semibold.ttf in Resources */ = {isa = PBXBuildFile; fileRef = 2A53DB8BEBD14F7FBC40BC50 /* OpenSans-Semibold.ttf */; };
		AFC8C1626D39483B826C2055 /* OpenSans-SemiboldItalic.ttf in Resources */ = {isa = PBXBuildFile; fileRef = 75AC7731AD9249028D967482 /* OpenSans-SemiboldItalic.ttf */; };
/* End PBXBuildFile section */

/* Begin PBXContainerItemProxy section */
		00C302AB1ABCB8CE00DB3ED1 /* PBXContainerItemProxy */ = {
			isa = PBXContainerItemProxy;
			containerPortal = 00C302A71ABCB8CE00DB3ED1 /* RCTActionSheet.xcodeproj */;
			proxyType = 2;
			remoteGlobalIDString = 134814201AA4EA6300B7C361;
			remoteInfo = RCTActionSheet;
		};
		00C302B91ABCB90400DB3ED1 /* PBXContainerItemProxy */ = {
			isa = PBXContainerItemProxy;
			containerPortal = 00C302B51ABCB90400DB3ED1 /* RCTGeolocation.xcodeproj */;
			proxyType = 2;
			remoteGlobalIDString = 134814201AA4EA6300B7C361;
			remoteInfo = RCTGeolocation;
		};
		00C302BF1ABCB91800DB3ED1 /* PBXContainerItemProxy */ = {
			isa = PBXContainerItemProxy;
			containerPortal = 00C302BB1ABCB91800DB3ED1 /* RCTImage.xcodeproj */;
			proxyType = 2;
			remoteGlobalIDString = 58B5115D1A9E6B3D00147676;
			remoteInfo = RCTImage;
		};
		00C302DB1ABCB9D200DB3ED1 /* PBXContainerItemProxy */ = {
			isa = PBXContainerItemProxy;
			containerPortal = 00C302D31ABCB9D200DB3ED1 /* RCTNetwork.xcodeproj */;
			proxyType = 2;
			remoteGlobalIDString = 58B511DB1A9E6C8500147676;
			remoteInfo = RCTNetwork;
		};
		00C302E31ABCB9EE00DB3ED1 /* PBXContainerItemProxy */ = {
			isa = PBXContainerItemProxy;
			containerPortal = 00C302DF1ABCB9EE00DB3ED1 /* RCTVibration.xcodeproj */;
			proxyType = 2;
			remoteGlobalIDString = 832C81801AAF6DEF007FA2F7;
			remoteInfo = RCTVibration;
		};
		00E356F41AD99517003FC87E /* PBXContainerItemProxy */ = {
			isa = PBXContainerItemProxy;
			containerPortal = 83CBB9F71A601CBA00E9B192 /* Project object */;
			proxyType = 1;
			remoteGlobalIDString = 13B07F861A680F5B00A75B9A;
			remoteInfo = hopePing;
		};
		139105C01AF99BAD00B5F7CC /* PBXContainerItemProxy */ = {
			isa = PBXContainerItemProxy;
			containerPortal = 139105B61AF99BAD00B5F7CC /* RCTSettings.xcodeproj */;
			proxyType = 2;
			remoteGlobalIDString = 134814201AA4EA6300B7C361;
			remoteInfo = RCTSettings;
		};
		139FDEF31B06529B00C62182 /* PBXContainerItemProxy */ = {
			isa = PBXContainerItemProxy;
			containerPortal = 139FDEE61B06529A00C62182 /* RCTWebSocket.xcodeproj */;
			proxyType = 2;
			remoteGlobalIDString = 3C86DF461ADF2C930047B81A;
			remoteInfo = RCTWebSocket;
		};
		146834031AC3E56700842450 /* PBXContainerItemProxy */ = {
			isa = PBXContainerItemProxy;
			containerPortal = 146833FF1AC3E56700842450 /* React.xcodeproj */;
			proxyType = 2;
			remoteGlobalIDString = 83CBBA2E1A601D0E00E9B192;
			remoteInfo = React;
		};
		78C398B81ACF4ADC00677621 /* PBXContainerItemProxy */ = {
			isa = PBXContainerItemProxy;
			containerPortal = 78C398B01ACF4ADC00677621 /* RCTLinking.xcodeproj */;
			proxyType = 2;
			remoteGlobalIDString = 134814201AA4EA6300B7C361;
			remoteInfo = RCTLinking;
		};
		832341B41AAA6A8300B99B32 /* PBXContainerItemProxy */ = {
			isa = PBXContainerItemProxy;
			containerPortal = 832341B01AAA6A8300B99B32 /* RCTText.xcodeproj */;
			proxyType = 2;
			remoteGlobalIDString = 58B5119B1A9E6C1200147676;
			remoteInfo = RCTText;
		};
		B05ED1D81DD22DA90034AF7E /* PBXContainerItemProxy */ = {
			isa = PBXContainerItemProxy;
			containerPortal = 00C302BB1ABCB91800DB3ED1 /* RCTImage.xcodeproj */;
			proxyType = 2;
			remoteGlobalIDString = 2D2A283A1D9B042B00D4039D;
			remoteInfo = "RCTImage-tvOS";
		};
		B05ED1DC1DD22DA90034AF7E /* PBXContainerItemProxy */ = {
			isa = PBXContainerItemProxy;
			containerPortal = 78C398B01ACF4ADC00677621 /* RCTLinking.xcodeproj */;
			proxyType = 2;
			remoteGlobalIDString = 2D2A28471D9B043800D4039D;
			remoteInfo = "RCTLinking-tvOS";
		};
		B05ED1E01DD22DA90034AF7E /* PBXContainerItemProxy */ = {
			isa = PBXContainerItemProxy;
			containerPortal = 00C302D31ABCB9D200DB3ED1 /* RCTNetwork.xcodeproj */;
			proxyType = 2;
			remoteGlobalIDString = 2D2A28541D9B044C00D4039D;
			remoteInfo = "RCTNetwork-tvOS";
		};
		B05ED1E41DD22DA90034AF7E /* PBXContainerItemProxy */ = {
			isa = PBXContainerItemProxy;
			containerPortal = 139105B61AF99BAD00B5F7CC /* RCTSettings.xcodeproj */;
			proxyType = 2;
			remoteGlobalIDString = 2D2A28611D9B046600D4039D;
			remoteInfo = "RCTSettings-tvOS";
		};
		B05ED1E81DD22DA90034AF7E /* PBXContainerItemProxy */ = {
			isa = PBXContainerItemProxy;
			containerPortal = 832341B01AAA6A8300B99B32 /* RCTText.xcodeproj */;
			proxyType = 2;
			remoteGlobalIDString = 2D2A287B1D9B048500D4039D;
			remoteInfo = "RCTText-tvOS";
		};
		B05ED1ED1DD22DA90034AF7E /* PBXContainerItemProxy */ = {
			isa = PBXContainerItemProxy;
			containerPortal = 139FDEE61B06529A00C62182 /* RCTWebSocket.xcodeproj */;
			proxyType = 2;
			remoteGlobalIDString = 2D2A28881D9B049200D4039D;
			remoteInfo = "RCTWebSocket-tvOS";
		};
		B05ED1F11DD22DA90034AF7E /* PBXContainerItemProxy */ = {
			isa = PBXContainerItemProxy;
			containerPortal = 146833FF1AC3E56700842450 /* React.xcodeproj */;
			proxyType = 2;
			remoteGlobalIDString = 2D2A28131D9B038B00D4039D;
			remoteInfo = "React-tvOS";
		};
		B05ED1F71DD22DA90034AF7E /* PBXContainerItemProxy */ = {
			isa = PBXContainerItemProxy;
			containerPortal = 343AA059CD4146D7A6942060 /* RNCookieManagerIOS.xcodeproj */;
			proxyType = 2;
			remoteGlobalIDString = 1BD725DA1CF77A8B005DBD79;
			remoteInfo = RNCookieManagerIOS;
		};
		B0CC71261DD25C15001F6FE0 /* PBXContainerItemProxy */ = {
			isa = PBXContainerItemProxy;
			containerPortal = 1A73289666564F76866E5CB6 /* RNVectorIcons.xcodeproj */;
			proxyType = 2;
			remoteGlobalIDString = 5DBEB1501B18CEA900B34395;
			remoteInfo = RNVectorIcons;
		};
/* End PBXContainerItemProxy section */

/* Begin PBXFileReference section */
		008F07F21AC5B25A0029DE68 /* main.jsbundle */ = {isa = PBXFileReference; fileEncoding = 4; lastKnownFileType = text; path = main.jsbundle; sourceTree = "<group>"; };
		00C302A71ABCB8CE00DB3ED1 /* RCTActionSheet.xcodeproj */ = {isa = PBXFileReference; lastKnownFileType = "wrapper.pb-project"; name = RCTActionSheet.xcodeproj; path = "../node_modules/react-native/Libraries/ActionSheetIOS/RCTActionSheet.xcodeproj"; sourceTree = "<group>"; };
		00C302B51ABCB90400DB3ED1 /* RCTGeolocation.xcodeproj */ = {isa = PBXFileReference; lastKnownFileType = "wrapper.pb-project"; name = RCTGeolocation.xcodeproj; path = "../node_modules/react-native/Libraries/Geolocation/RCTGeolocation.xcodeproj"; sourceTree = "<group>"; };
		00C302BB1ABCB91800DB3ED1 /* RCTImage.xcodeproj */ = {isa = PBXFileReference; lastKnownFileType = "wrapper.pb-project"; name = RCTImage.xcodeproj; path = "../node_modules/react-native/Libraries/Image/RCTImage.xcodeproj"; sourceTree = "<group>"; };
		00C302D31ABCB9D200DB3ED1 /* RCTNetwork.xcodeproj */ = {isa = PBXFileReference; lastKnownFileType = "wrapper.pb-project"; name = RCTNetwork.xcodeproj; path = "../node_modules/react-native/Libraries/Network/RCTNetwork.xcodeproj"; sourceTree = "<group>"; };
		00C302DF1ABCB9EE00DB3ED1 /* RCTVibration.xcodeproj */ = {isa = PBXFileReference; lastKnownFileType = "wrapper.pb-project"; name = RCTVibration.xcodeproj; path = "../node_modules/react-native/Libraries/Vibration/RCTVibration.xcodeproj"; sourceTree = "<group>"; };
		00E356EE1AD99517003FC87E /* hopePingTests.xctest */ = {isa = PBXFileReference; explicitFileType = wrapper.cfbundle; includeInIndex = 0; path = hopePingTests.xctest; sourceTree = BUILT_PRODUCTS_DIR; };
		00E356F11AD99517003FC87E /* Info.plist */ = {isa = PBXFileReference; lastKnownFileType = text.plist.xml; path = Info.plist; sourceTree = "<group>"; };
		00E356F21AD99517003FC87E /* hopePingTests.m */ = {isa = PBXFileReference; lastKnownFileType = sourcecode.c.objc; path = hopePingTests.m; sourceTree = "<group>"; };
		0FBEFB32CA84426898B73608 /* Microsoft Sans Serif.ttf */ = {isa = PBXFileReference; explicitFileType = undefined; fileEncoding = 9; includeInIndex = 0; lastKnownFileType = unknown; name = "Microsoft Sans Serif.ttf"; path = "../node_modules/native-base/Fonts/Microsoft Sans Serif.ttf"; sourceTree = "<group>"; };
		139105B61AF99BAD00B5F7CC /* RCTSettings.xcodeproj */ = {isa = PBXFileReference; lastKnownFileType = "wrapper.pb-project"; name = RCTSettings.xcodeproj; path = "../node_modules/react-native/Libraries/Settings/RCTSettings.xcodeproj"; sourceTree = "<group>"; };
		139FDEE61B06529A00C62182 /* RCTWebSocket.xcodeproj */ = {isa = PBXFileReference; lastKnownFileType = "wrapper.pb-project"; name = RCTWebSocket.xcodeproj; path = "../node_modules/react-native/Libraries/WebSocket/RCTWebSocket.xcodeproj"; sourceTree = "<group>"; };
		13B07F961A680F5B00A75B9A /* hopePing.app */ = {isa = PBXFileReference; explicitFileType = wrapper.application; includeInIndex = 0; path = hopePing.app; sourceTree = BUILT_PRODUCTS_DIR; };
		13B07FAF1A68108700A75B9A /* AppDelegate.h */ = {isa = PBXFileReference; fileEncoding = 4; lastKnownFileType = sourcecode.c.h; name = AppDelegate.h; path = hopePing/AppDelegate.h; sourceTree = "<group>"; };
		13B07FB01A68108700A75B9A /* AppDelegate.m */ = {isa = PBXFileReference; fileEncoding = 4; lastKnownFileType = sourcecode.c.objc; name = AppDelegate.m; path = hopePing/AppDelegate.m; sourceTree = "<group>"; };
		13B07FB21A68108700A75B9A /* Base */ = {isa = PBXFileReference; lastKnownFileType = file.xib; name = Base; path = Base.lproj/LaunchScreen.xib; sourceTree = "<group>"; };
		13B07FB51A68108700A75B9A /* Images.xcassets */ = {isa = PBXFileReference; lastKnownFileType = folder.assetcatalog; name = Images.xcassets; path = hopePing/Images.xcassets; sourceTree = "<group>"; };
		13B07FB61A68108700A75B9A /* Info.plist */ = {isa = PBXFileReference; fileEncoding = 4; lastKnownFileType = text.plist.xml; name = Info.plist; path = hopePing/Info.plist; sourceTree = "<group>"; };
		13B07FB71A68108700A75B9A /* main.m */ = {isa = PBXFileReference; fileEncoding = 4; lastKnownFileType = sourcecode.c.objc; name = main.m; path = hopePing/main.m; sourceTree = "<group>"; };
		146833FF1AC3E56700842450 /* React.xcodeproj */ = {isa = PBXFileReference; lastKnownFileType = "wrapper.pb-project"; name = React.xcodeproj; path = "../node_modules/react-native/React/React.xcodeproj"; sourceTree = "<group>"; };
		1A73289666564F76866E5CB6 /* RNVectorIcons.xcodeproj */ = {isa = PBXFileReference; explicitFileType = undefined; fileEncoding = 9; includeInIndex = 0; lastKnownFileType = "wrapper.pb-project"; name = RNVectorIcons.xcodeproj; path = "../node_modules/react-native-vector-icons/RNVectorIcons.xcodeproj"; sourceTree = "<group>"; };
		1B59294B258146FD8F6B3265 /* Times New Roman.ttf */ = {isa = PBXFileReference; explicitFileType = undefined; fileEncoding = 9; includeInIndex = 0; lastKnownFileType = unknown; name = "Times New Roman.ttf"; path = "../node_modules/native-base/Fonts/Times New Roman.ttf"; sourceTree = "<group>"; };
		1E062C5D7A844AD6B7F8DADD /* Arial Black.ttf */ = {isa = PBXFileReference; explicitFileType = undefined; fileEncoding = 9; includeInIndex = 0; lastKnownFileType = unknown; name = "Arial Black.ttf"; path = "../node_modules/native-base/Fonts/Arial Black.ttf"; sourceTree = "<group>"; };
		26C302486EAB4852B99BAD24 /* Courier New.ttf */ = {isa = PBXFileReference; explicitFileType = undefined; fileEncoding = 9; includeInIndex = 0; lastKnownFileType = unknown; name = "Courier New.ttf"; path = "../node_modules/native-base/Fonts/Courier New.ttf"; sourceTree = "<group>"; };
		2854A684A84D40F7AB57536D /* MaterialIcons.ttf */ = {isa = PBXFileReference; explicitFileType = undefined; fileEncoding = 9; includeInIndex = 0; lastKnownFileType = unknown; name = MaterialIcons.ttf; path = "../node_modules/react-native-vector-icons/Fonts/MaterialIcons.ttf"; sourceTree = "<group>"; };
		343AA059CD4146D7A6942060 /* RNCookieManagerIOS.xcodeproj */ = {isa = PBXFileReference; explicitFileType = undefined; fileEncoding = 9; includeInIndex = 0; lastKnownFileType = "wrapper.pb-project"; name = RNCookieManagerIOS.xcodeproj; path = "../node_modules/react-native-cookies/RNCookieManagerIOS.xcodeproj"; sourceTree = "<group>"; };
		4109D5793CF84DBD873EAA01 /* Octicons.ttf */ = {isa = PBXFileReference; explicitFileType = undefined; fileEncoding = 9; includeInIndex = 0; lastKnownFileType = unknown; name = Octicons.ttf; path = "../node_modules/react-native-vector-icons/Fonts/Octicons.ttf"; sourceTree = "<group>"; };
		4E0F4E0B09914A98AFEEFA1B /* Roboto_medium.ttf */ = {isa = PBXFileReference; explicitFileType = undefined; fileEncoding = 9; includeInIndex = 0; lastKnownFileType = unknown; name = Roboto_medium.ttf; path = "../node_modules/native-base/Fonts/Roboto_medium.ttf"; sourceTree = "<group>"; };
		5FCBE9F15B6B42C78DE92D08 /* Skia.ttf */ = {isa = PBXFileReference; explicitFileType = undefined; fileEncoding = 9; includeInIndex = 0; lastKnownFileType = unknown; name = Skia.ttf; path = "../node_modules/native-base/Fonts/Skia.ttf"; sourceTree = "<group>"; };
		66028C030F9F4C829E04C364 /* Georgia.ttf */ = {isa = PBXFileReference; explicitFileType = undefined; fileEncoding = 9; includeInIndex = 0; lastKnownFileType = unknown; name = Georgia.ttf; path = "../node_modules/native-base/Fonts/Georgia.ttf"; sourceTree = "<group>"; };
		76E74FAC875E438F9B2058B5 /* SF-UI-Text-Regular.otf */ = {isa = PBXFileReference; explicitFileType = undefined; fileEncoding = 9; includeInIndex = 0; lastKnownFileType = unknown; name = "SF-UI-Text-Regular.otf"; path = "../node_modules/native-base/Fonts/SF-UI-Text-Regular.otf"; sourceTree = "<group>"; };
		78C398B01ACF4ADC00677621 /* RCTLinking.xcodeproj */ = {isa = PBXFileReference; lastKnownFileType = "wrapper.pb-project"; name = RCTLinking.xcodeproj; path = "../node_modules/react-native/Libraries/LinkingIOS/RCTLinking.xcodeproj"; sourceTree = "<group>"; };
		7FA48FC88EEA47AD8A47D72B /* EvilIcons.ttf */ = {isa = PBXFileReference; explicitFileType = undefined; fileEncoding = 9; includeInIndex = 0; lastKnownFileType = unknown; name = EvilIcons.ttf; path = "../node_modules/react-native-vector-icons/Fonts/EvilIcons.ttf"; sourceTree = "<group>"; };
		832341B01AAA6A8300B99B32 /* RCTText.xcodeproj */ = {isa = PBXFileReference; lastKnownFileType = "wrapper.pb-project"; name = RCTText.xcodeproj; path = "../node_modules/react-native/Libraries/Text/RCTText.xcodeproj"; sourceTree = "<group>"; };
		A39972F16C034D6E9494E21F /* Roboto.ttf */ = {isa = PBXFileReference; explicitFileType = undefined; fileEncoding = 9; includeInIndex = 0; lastKnownFileType = unknown; name = Roboto.ttf; path = "../node_modules/native-base/Fonts/Roboto.ttf"; sourceTree = "<group>"; };
		A992A0F3EC684171AB29A4C7 /* SimpleLineIcons.ttf */ = {isa = PBXFileReference; explicitFileType = undefined; fileEncoding = 9; includeInIndex = 0; lastKnownFileType = unknown; name = SimpleLineIcons.ttf; path = "../node_modules/react-native-vector-icons/Fonts/SimpleLineIcons.ttf"; sourceTree = "<group>"; };
		B0504AC4C9C74890BD29275D /* libRNCookieManagerIOS.a */ = {isa = PBXFileReference; explicitFileType = undefined; fileEncoding = 9; includeInIndex = 0; lastKnownFileType = archive.ar; path = libRNCookieManagerIOS.a; sourceTree = "<group>"; };
		B0CC70D31DD258A5001F6FE0 /* Pacifico.ttf */ = {isa = PBXFileReference; lastKnownFileType = file; path = Pacifico.ttf; sourceTree = "<group>"; };
		B0CC70D41DD258A5001F6FE0 /* JosefinSlab-Bold.ttf */ = {isa = PBXFileReference; lastKnownFileType = file; path = "JosefinSlab-Bold.ttf"; sourceTree = "<group>"; };
		B0CC70D51DD258A5001F6FE0 /* JosefinSlab-BoldItalic.ttf */ = {isa = PBXFileReference; lastKnownFileType = file; path = "JosefinSlab-BoldItalic.ttf"; sourceTree = "<group>"; };
		B0CC70D61DD258A5001F6FE0 /* JosefinSlab-Italic.ttf */ = {isa = PBXFileReference; lastKnownFileType = file; path = "JosefinSlab-Italic.ttf"; sourceTree = "<group>"; };
		B0CC70D71DD258A5001F6FE0 /* JosefinSlab-Light.ttf */ = {isa = PBXFileReference; lastKnownFileType = file; path = "JosefinSlab-Light.ttf"; sourceTree = "<group>"; };
		B0CC70D81DD258A5001F6FE0 /* JosefinSlab-LightItalic.ttf */ = {isa = PBXFileReference; lastKnownFileType = file; path = "JosefinSlab-LightItalic.ttf"; sourceTree = "<group>"; };
		B0CC70D91DD258A5001F6FE0 /* JosefinSlab-Regular.ttf */ = {isa = PBXFileReference; lastKnownFileType = file; path = "JosefinSlab-Regular.ttf"; sourceTree = "<group>"; };
		B0CC70DA1DD258A5001F6FE0 /* JosefinSlab-SemiBold.ttf */ = {isa = PBXFileReference; lastKnownFileType = file; path = "JosefinSlab-SemiBold.ttf"; sourceTree = "<group>"; };
		B0CC70DB1DD258A5001F6FE0 /* JosefinSlab-SemiBoldItalic.ttf */ = {isa = PBXFileReference; lastKnownFileType = file; path = "JosefinSlab-SemiBoldItalic.ttf"; sourceTree = "<group>"; };
		B0CC70DC1DD258A5001F6FE0 /* JosefinSlab-Thin.ttf */ = {isa = PBXFileReference; lastKnownFileType = file; path = "JosefinSlab-Thin.ttf"; sourceTree = "<group>"; };
		B0CC70DD1DD258A5001F6FE0 /* JosefinSlab-ThinItalic.ttf */ = {isa = PBXFileReference; lastKnownFileType = file; path = "JosefinSlab-ThinItalic.ttf"; sourceTree = "<group>"; };
		B73D12E8A9A64105BEA373E6 /* Foundation.ttf */ = {isa = PBXFileReference; explicitFileType = undefined; fileEncoding = 9; includeInIndex = 0; lastKnownFileType = unknown; name = Foundation.ttf; path = "../node_modules/react-native-vector-icons/Fonts/Foundation.ttf"; sourceTree = "<group>"; };
		BDDDBF3FE42848FFAB0DBD7F /* Comic Sans MS.ttf */ = {isa = PBXFileReference; explicitFileType = undefined; fileEncoding = 9; includeInIndex = 0; lastKnownFileType = unknown; name = "Comic Sans MS.ttf"; path = "../node_modules/native-base/Fonts/Comic Sans MS.ttf"; sourceTree = "<group>"; };
		CEF3A9D5DF4B4F28A40C432F /* FontAwesome.ttf */ = {isa = PBXFileReference; explicitFileType = undefined; fileEncoding = 9; includeInIndex = 0; lastKnownFileType = unknown; name = FontAwesome.ttf; path = "../node_modules/react-native-vector-icons/Fonts/FontAwesome.ttf"; sourceTree = "<group>"; };
		D72FB9118F894DDA94BB38CC /* Ionicons.ttf */ = {isa = PBXFileReference; explicitFileType = undefined; fileEncoding = 9; includeInIndex = 0; lastKnownFileType = unknown; name = Ionicons.ttf; path = "../node_modules/react-native-vector-icons/Fonts/Ionicons.ttf"; sourceTree = "<group>"; };
		DB15D9233F7644048B6AC4FD /* Arial.ttf */ = {isa = PBXFileReference; explicitFileType = undefined; fileEncoding = 9; includeInIndex = 0; lastKnownFileType = unknown; name = Arial.ttf; path = "../node_modules/native-base/Fonts/Arial.ttf"; sourceTree = "<group>"; };
		E059352BD9F94834AE87F6AC /* Andale Mono.ttf */ = {isa = PBXFileReference; explicitFileType = undefined; fileEncoding = 9; includeInIndex = 0; lastKnownFileType = unknown; name = "Andale Mono.ttf"; path = "../node_modules/native-base/Fonts/Andale Mono.ttf"; sourceTree = "<group>"; };
		E539017264904F3D96EAA0CD /* Entypo.ttf */ = {isa = PBXFileReference; explicitFileType = undefined; fileEncoding = 9; includeInIndex = 0; lastKnownFileType = unknown; name = Entypo.ttf; path = "../node_modules/react-native-vector-icons/Fonts/Entypo.ttf"; sourceTree = "<group>"; };
		F09662DE4DF14AC5B40291BE /* Zocial.ttf */ = {isa = PBXFileReference; explicitFileType = undefined; fileEncoding = 9; includeInIndex = 0; lastKnownFileType = unknown; name = Zocial.ttf; path = "../node_modules/react-native-vector-icons/Fonts/Zocial.ttf"; sourceTree = "<group>"; };
		F3BF360BB4B14754A5CD343F /* libRNVectorIcons.a */ = {isa = PBXFileReference; explicitFileType = undefined; fileEncoding = 9; includeInIndex = 0; lastKnownFileType = archive.ar; path = libRNVectorIcons.a; sourceTree = "<group>"; };
		EF1118F2AFD544CE9A717B12 /* IMFeFCsc28P.ttf */ = {isa = PBXFileReference; name = "IMFeFCsc28P.ttf"; path = "../fonts/IMFeFCsc28P.ttf"; sourceTree = "<group>"; fileEncoding = undefined; lastKnownFileType = unknown; explicitFileType = undefined; includeInIndex = 0; };
		17B5C1F168734064889E32BC /* OpenSans-Bold.ttf */ = {isa = PBXFileReference; name = "OpenSans-Bold.ttf"; path = "../fonts/OpenSans-Bold.ttf"; sourceTree = "<group>"; fileEncoding = undefined; lastKnownFileType = unknown; explicitFileType = undefined; includeInIndex = 0; };
		FF0871A3DACE4AAEA8CCD48A /* OpenSans-BoldItalic.ttf */ = {isa = PBXFileReference; name = "OpenSans-BoldItalic.ttf"; path = "../fonts/OpenSans-BoldItalic.ttf"; sourceTree = "<group>"; fileEncoding = undefined; lastKnownFileType = unknown; explicitFileType = undefined; includeInIndex = 0; };
		D60A4517366D4115A63969ED /* OpenSans-ExtraBold.ttf */ = {isa = PBXFileReference; name = "OpenSans-ExtraBold.ttf"; path = "../fonts/OpenSans-ExtraBold.ttf"; sourceTree = "<group>"; fileEncoding = undefined; lastKnownFileType = unknown; explicitFileType = undefined; includeInIndex = 0; };
		3B0ADDAB4C844742ABB4E93C /* OpenSans-ExtraBoldItalic.ttf */ = {isa = PBXFileReference; name = "OpenSans-ExtraBoldItalic.ttf"; path = "../fonts/OpenSans-ExtraBoldItalic.ttf"; sourceTree = "<group>"; fileEncoding = undefined; lastKnownFileType = unknown; explicitFileType = undefined; includeInIndex = 0; };
		F54A8F5BDA96440B8D539185 /* OpenSans-Italic.ttf */ = {isa = PBXFileReference; name = "OpenSans-Italic.ttf"; path = "../fonts/OpenSans-Italic.ttf"; sourceTree = "<group>"; fileEncoding = undefined; lastKnownFileType = unknown; explicitFileType = undefined; includeInIndex = 0; };
		D44333DBE1FD46B19ED72462 /* OpenSans-Light.ttf */ = {isa = PBXFileReference; name = "OpenSans-Light.ttf"; path = "../fonts/OpenSans-Light.ttf"; sourceTree = "<group>"; fileEncoding = undefined; lastKnownFileType = unknown; explicitFileType = undefined; includeInIndex = 0; };
		577C002DFDD140DDB114D298 /* OpenSans-LightItalic.ttf */ = {isa = PBXFileReference; name = "OpenSans-LightItalic.ttf"; path = "../fonts/OpenSans-LightItalic.ttf"; sourceTree = "<group>"; fileEncoding = undefined; lastKnownFileType = unknown; explicitFileType = undefined; includeInIndex = 0; };
		62733FC264C54EAC8CD7E834 /* OpenSans-Regular.ttf */ = {isa = PBXFileReference; name = "OpenSans-Regular.ttf"; path = "../fonts/OpenSans-Regular.ttf"; sourceTree = "<group>"; fileEncoding = undefined; lastKnownFileType = unknown; explicitFileType = undefined; includeInIndex = 0; };
		2A53DB8BEBD14F7FBC40BC50 /* OpenSans-Semibold.ttf */ = {isa = PBXFileReference; name = "OpenSans-Semibold.ttf"; path = "../fonts/OpenSans-Semibold.ttf"; sourceTree = "<group>"; fileEncoding = undefined; lastKnownFileType = unknown; explicitFileType = undefined; includeInIndex = 0; };
		75AC7731AD9249028D967482 /* OpenSans-SemiboldItalic.ttf */ = {isa = PBXFileReference; name = "OpenSans-SemiboldItalic.ttf"; path = "../fonts/OpenSans-SemiboldItalic.ttf"; sourceTree = "<group>"; fileEncoding = undefined; lastKnownFileType = unknown; explicitFileType = undefined; includeInIndex = 0; };
/* End PBXFileReference section */

/* Begin PBXFrameworksBuildPhase section */
		00E356EB1AD99517003FC87E /* Frameworks */ = {
			isa = PBXFrameworksBuildPhase;
			buildActionMask = 2147483647;
			files = (
				140ED2AC1D01E1AD002B40FF /* libReact.a in Frameworks */,
			);
			runOnlyForDeploymentPostprocessing = 0;
		};
		13B07F8C1A680F5B00A75B9A /* Frameworks */ = {
			isa = PBXFrameworksBuildPhase;
			buildActionMask = 2147483647;
			files = (
				146834051AC3E58100842450 /* libReact.a in Frameworks */,
				00C302E51ABCBA2D00DB3ED1 /* libRCTActionSheet.a in Frameworks */,
				00C302E71ABCBA2D00DB3ED1 /* libRCTGeolocation.a in Frameworks */,
				00C302E81ABCBA2D00DB3ED1 /* libRCTImage.a in Frameworks */,
				133E29F31AD74F7200F7D852 /* libRCTLinking.a in Frameworks */,
				00C302E91ABCBA2D00DB3ED1 /* libRCTNetwork.a in Frameworks */,
				139105C61AF99C1200B5F7CC /* libRCTSettings.a in Frameworks */,
				832341BD1AAA6AB300B99B32 /* libRCTText.a in Frameworks */,
				00C302EA1ABCBA2D00DB3ED1 /* libRCTVibration.a in Frameworks */,
				139FDEF61B0652A700C62182 /* libRCTWebSocket.a in Frameworks */,
				29EA6026338E496B8E51DB31 /* libRNCookieManagerIOS.a in Frameworks */,
				5C9002A8F492465AB6C58CD9 /* libRNVectorIcons.a in Frameworks */,
			);
			runOnlyForDeploymentPostprocessing = 0;
		};
/* End PBXFrameworksBuildPhase section */

/* Begin PBXGroup section */
		00C302A81ABCB8CE00DB3ED1 /* Products */ = {
			isa = PBXGroup;
			children = (
				00C302AC1ABCB8CE00DB3ED1 /* libRCTActionSheet.a */,
			);
			name = Products;
			sourceTree = "<group>";
		};
		00C302B61ABCB90400DB3ED1 /* Products */ = {
			isa = PBXGroup;
			children = (
				00C302BA1ABCB90400DB3ED1 /* libRCTGeolocation.a */,
			);
			name = Products;
			sourceTree = "<group>";
		};
		00C302BC1ABCB91800DB3ED1 /* Products */ = {
			isa = PBXGroup;
			children = (
				00C302C01ABCB91800DB3ED1 /* libRCTImage.a */,
				B05ED1D91DD22DA90034AF7E /* libRCTImage-tvOS.a */,
			);
			name = Products;
			sourceTree = "<group>";
		};
		00C302D41ABCB9D200DB3ED1 /* Products */ = {
			isa = PBXGroup;
			children = (
				00C302DC1ABCB9D200DB3ED1 /* libRCTNetwork.a */,
				B05ED1E11DD22DA90034AF7E /* libRCTNetwork-tvOS.a */,
			);
			name = Products;
			sourceTree = "<group>";
		};
		00C302E01ABCB9EE00DB3ED1 /* Products */ = {
			isa = PBXGroup;
			children = (
				00C302E41ABCB9EE00DB3ED1 /* libRCTVibration.a */,
			);
			name = Products;
			sourceTree = "<group>";
		};
		00E356EF1AD99517003FC87E /* hopePingTests */ = {
			isa = PBXGroup;
			children = (
				00E356F21AD99517003FC87E /* hopePingTests.m */,
				00E356F01AD99517003FC87E /* Supporting Files */,
			);
			path = hopePingTests;
			sourceTree = "<group>";
		};
		00E356F01AD99517003FC87E /* Supporting Files */ = {
			isa = PBXGroup;
			children = (
				00E356F11AD99517003FC87E /* Info.plist */,
			);
			name = "Supporting Files";
			sourceTree = "<group>";
		};
		139105B71AF99BAD00B5F7CC /* Products */ = {
			isa = PBXGroup;
			children = (
				139105C11AF99BAD00B5F7CC /* libRCTSettings.a */,
				B05ED1E51DD22DA90034AF7E /* libRCTSettings-tvOS.a */,
			);
			name = Products;
			sourceTree = "<group>";
		};
		139FDEE71B06529A00C62182 /* Products */ = {
			isa = PBXGroup;
			children = (
				139FDEF41B06529B00C62182 /* libRCTWebSocket.a */,
				B05ED1EE1DD22DA90034AF7E /* libRCTWebSocket-tvOS.a */,
			);
			name = Products;
			sourceTree = "<group>";
		};
		13B07FAE1A68108700A75B9A /* hopePing */ = {
			isa = PBXGroup;
			children = (
				008F07F21AC5B25A0029DE68 /* main.jsbundle */,
				13B07FAF1A68108700A75B9A /* AppDelegate.h */,
				13B07FB01A68108700A75B9A /* AppDelegate.m */,
				13B07FB51A68108700A75B9A /* Images.xcassets */,
				13B07FB61A68108700A75B9A /* Info.plist */,
				13B07FB11A68108700A75B9A /* LaunchScreen.xib */,
				13B07FB71A68108700A75B9A /* main.m */,
			);
			name = hopePing;
			sourceTree = "<group>";
		};
		146834001AC3E56700842450 /* Products */ = {
			isa = PBXGroup;
			children = (
				146834041AC3E56700842450 /* libReact.a */,
				B05ED1F21DD22DA90034AF7E /* libReact-tvOS.a */,
			);
			name = Products;
			sourceTree = "<group>";
		};
		78C398B11ACF4ADC00677621 /* Products */ = {
			isa = PBXGroup;
			children = (
				78C398B91ACF4ADC00677621 /* libRCTLinking.a */,
				B05ED1DD1DD22DA90034AF7E /* libRCTLinking-tvOS.a */,
			);
			name = Products;
			sourceTree = "<group>";
		};
		832341AE1AAA6A7D00B99B32 /* Libraries */ = {
			isa = PBXGroup;
			children = (
				146833FF1AC3E56700842450 /* React.xcodeproj */,
				00C302A71ABCB8CE00DB3ED1 /* RCTActionSheet.xcodeproj */,
				00C302B51ABCB90400DB3ED1 /* RCTGeolocation.xcodeproj */,
				00C302BB1ABCB91800DB3ED1 /* RCTImage.xcodeproj */,
				78C398B01ACF4ADC00677621 /* RCTLinking.xcodeproj */,
				00C302D31ABCB9D200DB3ED1 /* RCTNetwork.xcodeproj */,
				139105B61AF99BAD00B5F7CC /* RCTSettings.xcodeproj */,
				832341B01AAA6A8300B99B32 /* RCTText.xcodeproj */,
				00C302DF1ABCB9EE00DB3ED1 /* RCTVibration.xcodeproj */,
				139FDEE61B06529A00C62182 /* RCTWebSocket.xcodeproj */,
				343AA059CD4146D7A6942060 /* RNCookieManagerIOS.xcodeproj */,
				1A73289666564F76866E5CB6 /* RNVectorIcons.xcodeproj */,
			);
			name = Libraries;
			sourceTree = "<group>";
		};
		832341B11AAA6A8300B99B32 /* Products */ = {
			isa = PBXGroup;
			children = (
				832341B51AAA6A8300B99B32 /* libRCTText.a */,
				B05ED1E91DD22DA90034AF7E /* libRCTText-tvOS.a */,
			);
			name = Products;
			sourceTree = "<group>";
		};
		83CBB9F61A601CBA00E9B192 = {
			isa = PBXGroup;
			children = (
				B0CC70D31DD258A5001F6FE0 /* Pacifico.ttf */,
				B0CC70D41DD258A5001F6FE0 /* JosefinSlab-Bold.ttf */,
				B0CC70D51DD258A5001F6FE0 /* JosefinSlab-BoldItalic.ttf */,
				B0CC70D61DD258A5001F6FE0 /* JosefinSlab-Italic.ttf */,
				B0CC70D71DD258A5001F6FE0 /* JosefinSlab-Light.ttf */,
				B0CC70D81DD258A5001F6FE0 /* JosefinSlab-LightItalic.ttf */,
				B0CC70D91DD258A5001F6FE0 /* JosefinSlab-Regular.ttf */,
				B0CC70DA1DD258A5001F6FE0 /* JosefinSlab-SemiBold.ttf */,
				B0CC70DB1DD258A5001F6FE0 /* JosefinSlab-SemiBoldItalic.ttf */,
				B0CC70DC1DD258A5001F6FE0 /* JosefinSlab-Thin.ttf */,
				B0CC70DD1DD258A5001F6FE0 /* JosefinSlab-ThinItalic.ttf */,
				13B07FAE1A68108700A75B9A /* hopePing */,
				832341AE1AAA6A7D00B99B32 /* Libraries */,
				00E356EF1AD99517003FC87E /* hopePingTests */,
				83CBBA001A601CBA00E9B192 /* Products */,
				CACC122F54F943659CBA1E65 /* Resources */,
			);
			indentWidth = 2;
			sourceTree = "<group>";
			tabWidth = 2;
		};
		83CBBA001A601CBA00E9B192 /* Products */ = {
			isa = PBXGroup;
			children = (
				13B07F961A680F5B00A75B9A /* hopePing.app */,
				00E356EE1AD99517003FC87E /* hopePingTests.xctest */,
			);
			name = Products;
			sourceTree = "<group>";
		};
		B05ED1D21DD22DA70034AF7E /* Products */ = {
			isa = PBXGroup;
			children = (
				B05ED1F81DD22DA90034AF7E /* libRNCookieManagerIOS.a */,
			);
			name = Products;
			sourceTree = "<group>";
		};
		B0CC71111DD25C15001F6FE0 /* Products */ = {
			isa = PBXGroup;
			children = (
				B0CC71271DD25C15001F6FE0 /* libRNVectorIcons.a */,
			);
			name = Products;
			sourceTree = "<group>";
		};
		CACC122F54F943659CBA1E65 /* Resources */ = {
			isa = PBXGroup;
			children = (
				E059352BD9F94834AE87F6AC /* Andale Mono.ttf */,
				1E062C5D7A844AD6B7F8DADD /* Arial Black.ttf */,
				DB15D9233F7644048B6AC4FD /* Arial.ttf */,
				BDDDBF3FE42848FFAB0DBD7F /* Comic Sans MS.ttf */,
				26C302486EAB4852B99BAD24 /* Courier New.ttf */,
				66028C030F9F4C829E04C364 /* Georgia.ttf */,
				0FBEFB32CA84426898B73608 /* Microsoft Sans Serif.ttf */,
				4E0F4E0B09914A98AFEEFA1B /* Roboto_medium.ttf */,
				A39972F16C034D6E9494E21F /* Roboto.ttf */,
				76E74FAC875E438F9B2058B5 /* SF-UI-Text-Regular.otf */,
				5FCBE9F15B6B42C78DE92D08 /* Skia.ttf */,
				1B59294B258146FD8F6B3265 /* Times New Roman.ttf */,
				E539017264904F3D96EAA0CD /* Entypo.ttf */,
				7FA48FC88EEA47AD8A47D72B /* EvilIcons.ttf */,
				CEF3A9D5DF4B4F28A40C432F /* FontAwesome.ttf */,
				B73D12E8A9A64105BEA373E6 /* Foundation.ttf */,
				D72FB9118F894DDA94BB38CC /* Ionicons.ttf */,
				2854A684A84D40F7AB57536D /* MaterialIcons.ttf */,
				4109D5793CF84DBD873EAA01 /* Octicons.ttf */,
				A992A0F3EC684171AB29A4C7 /* SimpleLineIcons.ttf */,
				F09662DE4DF14AC5B40291BE /* Zocial.ttf */,
				EF1118F2AFD544CE9A717B12 /* IMFeFCsc28P.ttf */,
				17B5C1F168734064889E32BC /* OpenSans-Bold.ttf */,
				FF0871A3DACE4AAEA8CCD48A /* OpenSans-BoldItalic.ttf */,
				D60A4517366D4115A63969ED /* OpenSans-ExtraBold.ttf */,
				3B0ADDAB4C844742ABB4E93C /* OpenSans-ExtraBoldItalic.ttf */,
				F54A8F5BDA96440B8D539185 /* OpenSans-Italic.ttf */,
				D44333DBE1FD46B19ED72462 /* OpenSans-Light.ttf */,
				577C002DFDD140DDB114D298 /* OpenSans-LightItalic.ttf */,
				62733FC264C54EAC8CD7E834 /* OpenSans-Regular.ttf */,
				2A53DB8BEBD14F7FBC40BC50 /* OpenSans-Semibold.ttf */,
				75AC7731AD9249028D967482 /* OpenSans-SemiboldItalic.ttf */,
			);
			name = Resources;
			sourceTree = "<group>";
		};
/* End PBXGroup section */

/* Begin PBXNativeTarget section */
		00E356ED1AD99517003FC87E /* hopePingTests */ = {
			isa = PBXNativeTarget;
			buildConfigurationList = 00E357021AD99517003FC87E /* Build configuration list for PBXNativeTarget "hopePingTests" */;
			buildPhases = (
				00E356EA1AD99517003FC87E /* Sources */,
				00E356EB1AD99517003FC87E /* Frameworks */,
				00E356EC1AD99517003FC87E /* Resources */,
			);
			buildRules = (
			);
			dependencies = (
				00E356F51AD99517003FC87E /* PBXTargetDependency */,
			);
			name = hopePingTests;
			productName = hopePingTests;
			productReference = 00E356EE1AD99517003FC87E /* hopePingTests.xctest */;
			productType = "com.apple.product-type.bundle.unit-test";
		};
		13B07F861A680F5B00A75B9A /* hopePing */ = {
			isa = PBXNativeTarget;
			buildConfigurationList = 13B07F931A680F5B00A75B9A /* Build configuration list for PBXNativeTarget "hopePing" */;
			buildPhases = (
				13B07F871A680F5B00A75B9A /* Sources */,
				13B07F8C1A680F5B00A75B9A /* Frameworks */,
				13B07F8E1A680F5B00A75B9A /* Resources */,
				00DD1BFF1BD5951E006B06BC /* Bundle React Native code and images */,
			);
			buildRules = (
			);
			dependencies = (
			);
			name = hopePing;
			productName = "Hello World";
			productReference = 13B07F961A680F5B00A75B9A /* hopePing.app */;
			productType = "com.apple.product-type.application";
		};
/* End PBXNativeTarget section */

/* Begin PBXProject section */
		83CBB9F71A601CBA00E9B192 /* Project object */ = {
			isa = PBXProject;
			attributes = {
				LastUpgradeCheck = 610;
				ORGANIZATIONNAME = Facebook;
				TargetAttributes = {
					00E356ED1AD99517003FC87E = {
						CreatedOnToolsVersion = 6.2;
						TestTargetID = 13B07F861A680F5B00A75B9A;
					};
				};
			};
			buildConfigurationList = 83CBB9FA1A601CBA00E9B192 /* Build configuration list for PBXProject "hopePing" */;
			compatibilityVersion = "Xcode 3.2";
			developmentRegion = English;
			hasScannedForEncodings = 0;
			knownRegions = (
				en,
				Base,
			);
			mainGroup = 83CBB9F61A601CBA00E9B192;
			productRefGroup = 83CBBA001A601CBA00E9B192 /* Products */;
			projectDirPath = "";
			projectReferences = (
				{
					ProductGroup = 00C302A81ABCB8CE00DB3ED1 /* Products */;
					ProjectRef = 00C302A71ABCB8CE00DB3ED1 /* RCTActionSheet.xcodeproj */;
				},
				{
					ProductGroup = 00C302B61ABCB90400DB3ED1 /* Products */;
					ProjectRef = 00C302B51ABCB90400DB3ED1 /* RCTGeolocation.xcodeproj */;
				},
				{
					ProductGroup = 00C302BC1ABCB91800DB3ED1 /* Products */;
					ProjectRef = 00C302BB1ABCB91800DB3ED1 /* RCTImage.xcodeproj */;
				},
				{
					ProductGroup = 78C398B11ACF4ADC00677621 /* Products */;
					ProjectRef = 78C398B01ACF4ADC00677621 /* RCTLinking.xcodeproj */;
				},
				{
					ProductGroup = 00C302D41ABCB9D200DB3ED1 /* Products */;
					ProjectRef = 00C302D31ABCB9D200DB3ED1 /* RCTNetwork.xcodeproj */;
				},
				{
					ProductGroup = 139105B71AF99BAD00B5F7CC /* Products */;
					ProjectRef = 139105B61AF99BAD00B5F7CC /* RCTSettings.xcodeproj */;
				},
				{
					ProductGroup = 832341B11AAA6A8300B99B32 /* Products */;
					ProjectRef = 832341B01AAA6A8300B99B32 /* RCTText.xcodeproj */;
				},
				{
					ProductGroup = 00C302E01ABCB9EE00DB3ED1 /* Products */;
					ProjectRef = 00C302DF1ABCB9EE00DB3ED1 /* RCTVibration.xcodeproj */;
				},
				{
					ProductGroup = 139FDEE71B06529A00C62182 /* Products */;
					ProjectRef = 139FDEE61B06529A00C62182 /* RCTWebSocket.xcodeproj */;
				},
				{
					ProductGroup = 146834001AC3E56700842450 /* Products */;
					ProjectRef = 146833FF1AC3E56700842450 /* React.xcodeproj */;
				},
				{
					ProductGroup = B05ED1D21DD22DA70034AF7E /* Products */;
					ProjectRef = 343AA059CD4146D7A6942060 /* RNCookieManagerIOS.xcodeproj */;
				},
				{
					ProductGroup = B0CC71111DD25C15001F6FE0 /* Products */;
					ProjectRef = 1A73289666564F76866E5CB6 /* RNVectorIcons.xcodeproj */;
				},
			);
			projectRoot = "";
			targets = (
				13B07F861A680F5B00A75B9A /* hopePing */,
				00E356ED1AD99517003FC87E /* hopePingTests */,
			);
		};
/* End PBXProject section */

/* Begin PBXReferenceProxy section */
		00C302AC1ABCB8CE00DB3ED1 /* libRCTActionSheet.a */ = {
			isa = PBXReferenceProxy;
			fileType = archive.ar;
			path = libRCTActionSheet.a;
			remoteRef = 00C302AB1ABCB8CE00DB3ED1 /* PBXContainerItemProxy */;
			sourceTree = BUILT_PRODUCTS_DIR;
		};
		00C302BA1ABCB90400DB3ED1 /* libRCTGeolocation.a */ = {
			isa = PBXReferenceProxy;
			fileType = archive.ar;
			path = libRCTGeolocation.a;
			remoteRef = 00C302B91ABCB90400DB3ED1 /* PBXContainerItemProxy */;
			sourceTree = BUILT_PRODUCTS_DIR;
		};
		00C302C01ABCB91800DB3ED1 /* libRCTImage.a */ = {
			isa = PBXReferenceProxy;
			fileType = archive.ar;
			path = libRCTImage.a;
			remoteRef = 00C302BF1ABCB91800DB3ED1 /* PBXContainerItemProxy */;
			sourceTree = BUILT_PRODUCTS_DIR;
		};
		00C302DC1ABCB9D200DB3ED1 /* libRCTNetwork.a */ = {
			isa = PBXReferenceProxy;
			fileType = archive.ar;
			path = libRCTNetwork.a;
			remoteRef = 00C302DB1ABCB9D200DB3ED1 /* PBXContainerItemProxy */;
			sourceTree = BUILT_PRODUCTS_DIR;
		};
		00C302E41ABCB9EE00DB3ED1 /* libRCTVibration.a */ = {
			isa = PBXReferenceProxy;
			fileType = archive.ar;
			path = libRCTVibration.a;
			remoteRef = 00C302E31ABCB9EE00DB3ED1 /* PBXContainerItemProxy */;
			sourceTree = BUILT_PRODUCTS_DIR;
		};
		139105C11AF99BAD00B5F7CC /* libRCTSettings.a */ = {
			isa = PBXReferenceProxy;
			fileType = archive.ar;
			path = libRCTSettings.a;
			remoteRef = 139105C01AF99BAD00B5F7CC /* PBXContainerItemProxy */;
			sourceTree = BUILT_PRODUCTS_DIR;
		};
		139FDEF41B06529B00C62182 /* libRCTWebSocket.a */ = {
			isa = PBXReferenceProxy;
			fileType = archive.ar;
			path = libRCTWebSocket.a;
			remoteRef = 139FDEF31B06529B00C62182 /* PBXContainerItemProxy */;
			sourceTree = BUILT_PRODUCTS_DIR;
		};
		146834041AC3E56700842450 /* libReact.a */ = {
			isa = PBXReferenceProxy;
			fileType = archive.ar;
			path = libReact.a;
			remoteRef = 146834031AC3E56700842450 /* PBXContainerItemProxy */;
			sourceTree = BUILT_PRODUCTS_DIR;
		};
		78C398B91ACF4ADC00677621 /* libRCTLinking.a */ = {
			isa = PBXReferenceProxy;
			fileType = archive.ar;
			path = libRCTLinking.a;
			remoteRef = 78C398B81ACF4ADC00677621 /* PBXContainerItemProxy */;
			sourceTree = BUILT_PRODUCTS_DIR;
		};
		832341B51AAA6A8300B99B32 /* libRCTText.a */ = {
			isa = PBXReferenceProxy;
			fileType = archive.ar;
			path = libRCTText.a;
			remoteRef = 832341B41AAA6A8300B99B32 /* PBXContainerItemProxy */;
			sourceTree = BUILT_PRODUCTS_DIR;
		};
		B05ED1D91DD22DA90034AF7E /* libRCTImage-tvOS.a */ = {
			isa = PBXReferenceProxy;
			fileType = archive.ar;
			path = "libRCTImage-tvOS.a";
			remoteRef = B05ED1D81DD22DA90034AF7E /* PBXContainerItemProxy */;
			sourceTree = BUILT_PRODUCTS_DIR;
		};
		B05ED1DD1DD22DA90034AF7E /* libRCTLinking-tvOS.a */ = {
			isa = PBXReferenceProxy;
			fileType = archive.ar;
			path = "libRCTLinking-tvOS.a";
			remoteRef = B05ED1DC1DD22DA90034AF7E /* PBXContainerItemProxy */;
			sourceTree = BUILT_PRODUCTS_DIR;
		};
		B05ED1E11DD22DA90034AF7E /* libRCTNetwork-tvOS.a */ = {
			isa = PBXReferenceProxy;
			fileType = archive.ar;
			path = "libRCTNetwork-tvOS.a";
			remoteRef = B05ED1E01DD22DA90034AF7E /* PBXContainerItemProxy */;
			sourceTree = BUILT_PRODUCTS_DIR;
		};
		B05ED1E51DD22DA90034AF7E /* libRCTSettings-tvOS.a */ = {
			isa = PBXReferenceProxy;
			fileType = archive.ar;
			path = "libRCTSettings-tvOS.a";
			remoteRef = B05ED1E41DD22DA90034AF7E /* PBXContainerItemProxy */;
			sourceTree = BUILT_PRODUCTS_DIR;
		};
		B05ED1E91DD22DA90034AF7E /* libRCTText-tvOS.a */ = {
			isa = PBXReferenceProxy;
			fileType = archive.ar;
			path = "libRCTText-tvOS.a";
			remoteRef = B05ED1E81DD22DA90034AF7E /* PBXContainerItemProxy */;
			sourceTree = BUILT_PRODUCTS_DIR;
		};
		B05ED1EE1DD22DA90034AF7E /* libRCTWebSocket-tvOS.a */ = {
			isa = PBXReferenceProxy;
			fileType = archive.ar;
			path = "libRCTWebSocket-tvOS.a";
			remoteRef = B05ED1ED1DD22DA90034AF7E /* PBXContainerItemProxy */;
			sourceTree = BUILT_PRODUCTS_DIR;
		};
		B05ED1F21DD22DA90034AF7E /* libReact-tvOS.a */ = {
			isa = PBXReferenceProxy;
			fileType = archive.ar;
			path = "libReact-tvOS.a";
			remoteRef = B05ED1F11DD22DA90034AF7E /* PBXContainerItemProxy */;
			sourceTree = BUILT_PRODUCTS_DIR;
		};
		B05ED1F81DD22DA90034AF7E /* libRNCookieManagerIOS.a */ = {
			isa = PBXReferenceProxy;
			fileType = archive.ar;
			path = libRNCookieManagerIOS.a;
			remoteRef = B05ED1F71DD22DA90034AF7E /* PBXContainerItemProxy */;
			sourceTree = BUILT_PRODUCTS_DIR;
		};
		B0CC71271DD25C15001F6FE0 /* libRNVectorIcons.a */ = {
			isa = PBXReferenceProxy;
			fileType = archive.ar;
			path = libRNVectorIcons.a;
			remoteRef = B0CC71261DD25C15001F6FE0 /* PBXContainerItemProxy */;
			sourceTree = BUILT_PRODUCTS_DIR;
		};
/* End PBXReferenceProxy section */

/* Begin PBXResourcesBuildPhase section */
		00E356EC1AD99517003FC87E /* Resources */ = {
			isa = PBXResourcesBuildPhase;
			buildActionMask = 2147483647;
			files = (
			);
			runOnlyForDeploymentPostprocessing = 0;
		};
		13B07F8E1A680F5B00A75B9A /* Resources */ = {
			isa = PBXResourcesBuildPhase;
			buildActionMask = 2147483647;
			files = (
				B0CC70E71DD258A5001F6FE0 /* JosefinSlab-Thin.ttf in Resources */,
				B0CC70E21DD258A5001F6FE0 /* JosefinSlab-Light.ttf in Resources */,
				13B07FBF1A68108700A75B9A /* Images.xcassets in Resources */,
				B0CC70E81DD258A5001F6FE0 /* JosefinSlab-ThinItalic.ttf in Resources */,
				B0CC70E31DD258A5001F6FE0 /* JosefinSlab-LightItalic.ttf in Resources */,
				13B07FBD1A68108700A75B9A /* LaunchScreen.xib in Resources */,
				B0CC70E51DD258A5001F6FE0 /* JosefinSlab-SemiBold.ttf in Resources */,
				B0CC70DF1DD258A5001F6FE0 /* JosefinSlab-Bold.ttf in Resources */,
				B0CC70E61DD258A5001F6FE0 /* JosefinSlab-SemiBoldItalic.ttf in Resources */,
				B0CC70E41DD258A5001F6FE0 /* JosefinSlab-Regular.ttf in Resources */,
				B0CC70E11DD258A5001F6FE0 /* JosefinSlab-Italic.ttf in Resources */,
				B0CC70DE1DD258A5001F6FE0 /* Pacifico.ttf in Resources */,
				B0CC70E01DD258A5001F6FE0 /* JosefinSlab-BoldItalic.ttf in Resources */,
				CFFCB4CA24854D7DBCD326BF /* Andale Mono.ttf in Resources */,
				EFB64750E26444ADB250EA88 /* Arial Black.ttf in Resources */,
				4D3CE0EEE8E845DCAC519331 /* Arial.ttf in Resources */,
				053616BE66564393BC1701E1 /* Comic Sans MS.ttf in Resources */,
				A7FE06C931D64A359170132B /* Courier New.ttf in Resources */,
				6E4F53E86CA8476195A160DB /* Georgia.ttf in Resources */,
				02C31DEEFECA40F4870A5333 /* Microsoft Sans Serif.ttf in Resources */,
				F68665D1C91249ECA42FD10C /* Roboto_medium.ttf in Resources */,
				FAD98A933BC944E4956A5B14 /* Roboto.ttf in Resources */,
				12048F3429D64C1B9B79BE10 /* SF-UI-Text-Regular.otf in Resources */,
				6126FF95F8FE434FB26B982F /* Skia.ttf in Resources */,
				C3F4FB6CFE334AD09350B6CD /* Times New Roman.ttf in Resources */,
				E4865A2F3ED14E4C97F63451 /* Entypo.ttf in Resources */,
				FB00CC8C076E45B39E826923 /* EvilIcons.ttf in Resources */,
				9C384EEF5B7B466EBE02AC86 /* FontAwesome.ttf in Resources */,
				A87625DFD7DB4BDF947735CD /* Foundation.ttf in Resources */,
				5147D43211AA4AEFB64A05B2 /* Ionicons.ttf in Resources */,
				F539055BA64D402CB3C2B869 /* MaterialIcons.ttf in Resources */,
				4C7C6B5D61D64A29BC30A96F /* Octicons.ttf in Resources */,
				7036D44EBAF04DEDBCD8E891 /* SimpleLineIcons.ttf in Resources */,
				2724B1C75D124C188AD94FD8 /* Zocial.ttf in Resources */,
				01F6A6B14E0145238F88735D /* IMFeFCsc28P.ttf in Resources */,
				FE90B5B932F24703B3997C31 /* OpenSans-Bold.ttf in Resources */,
				D2F39446893E4CF0BC752490 /* OpenSans-BoldItalic.ttf in Resources */,
				85698C5F98804AE3BDC999E5 /* OpenSans-ExtraBold.ttf in Resources */,
				E95E1A4561154A238D9BF304 /* OpenSans-ExtraBoldItalic.ttf in Resources */,
				9718F9877DF9436BB90417A1 /* OpenSans-Italic.ttf in Resources */,
				50BEA7C668EE448088C91A8E /* OpenSans-Light.ttf in Resources */,
				4C90D70BAF4B4A5BBF7C9D81 /* OpenSans-LightItalic.ttf in Resources */,
				FE3AC4219F7E453DB0B16B77 /* OpenSans-Regular.ttf in Resources */,
				BA9100CE82E94F16981818A7 /* OpenSans-Semibold.ttf in Resources */,
				AFC8C1626D39483B826C2055 /* OpenSans-SemiboldItalic.ttf in Resources */,
			);
			runOnlyForDeploymentPostprocessing = 0;
		};
/* End PBXResourcesBuildPhase section */

/* Begin PBXShellScriptBuildPhase section */
		00DD1BFF1BD5951E006B06BC /* Bundle React Native code and images */ = {
			isa = PBXShellScriptBuildPhase;
			buildActionMask = 2147483647;
			files = (
			);
			inputPaths = (
			);
			name = "Bundle React Native code and images";
			outputPaths = (
			);
			runOnlyForDeploymentPostprocessing = 0;
			shellPath = /bin/sh;
			shellScript = "export NODE_BINARY=node\n../node_modules/react-native/packager/react-native-xcode.sh";
		};
/* End PBXShellScriptBuildPhase section */

/* Begin PBXSourcesBuildPhase section */
		00E356EA1AD99517003FC87E /* Sources */ = {
			isa = PBXSourcesBuildPhase;
			buildActionMask = 2147483647;
			files = (
				00E356F31AD99517003FC87E /* hopePingTests.m in Sources */,
			);
			runOnlyForDeploymentPostprocessing = 0;
		};
		13B07F871A680F5B00A75B9A /* Sources */ = {
			isa = PBXSourcesBuildPhase;
			buildActionMask = 2147483647;
			files = (
				13B07FBC1A68108700A75B9A /* AppDelegate.m in Sources */,
				13B07FC11A68108700A75B9A /* main.m in Sources */,
			);
			runOnlyForDeploymentPostprocessing = 0;
		};
/* End PBXSourcesBuildPhase section */

/* Begin PBXTargetDependency section */
		00E356F51AD99517003FC87E /* PBXTargetDependency */ = {
			isa = PBXTargetDependency;
			target = 13B07F861A680F5B00A75B9A /* hopePing */;
			targetProxy = 00E356F41AD99517003FC87E /* PBXContainerItemProxy */;
		};
/* End PBXTargetDependency section */

/* Begin PBXVariantGroup section */
		13B07FB11A68108700A75B9A /* LaunchScreen.xib */ = {
			isa = PBXVariantGroup;
			children = (
				13B07FB21A68108700A75B9A /* Base */,
			);
			name = LaunchScreen.xib;
			path = hopePing;
			sourceTree = "<group>";
		};
/* End PBXVariantGroup section */

/* Begin XCBuildConfiguration section */
		00E356F61AD99517003FC87E /* Debug */ = {
			isa = XCBuildConfiguration;
			buildSettings = {
				BUNDLE_LOADER = "$(TEST_HOST)";
				GCC_PREPROCESSOR_DEFINITIONS = (
					"DEBUG=1",
					"$(inherited)",
				);
				INFOPLIST_FILE = hopePingTests/Info.plist;
				IPHONEOS_DEPLOYMENT_TARGET = 8.2;
				LD_RUNPATH_SEARCH_PATHS = "$(inherited) @executable_path/Frameworks @loader_path/Frameworks";
				LIBRARY_SEARCH_PATHS = (
					"$(inherited)",
					"\"$(SRCROOT)/$(TARGET_NAME)\"",
				);
				PRODUCT_NAME = "$(TARGET_NAME)";
				TEST_HOST = "$(BUILT_PRODUCTS_DIR)/hopePing.app/hopePing";
			};
			name = Debug;
		};
		00E356F71AD99517003FC87E /* Release */ = {
			isa = XCBuildConfiguration;
			buildSettings = {
				BUNDLE_LOADER = "$(TEST_HOST)";
				COPY_PHASE_STRIP = NO;
				INFOPLIST_FILE = hopePingTests/Info.plist;
				IPHONEOS_DEPLOYMENT_TARGET = 8.2;
				LD_RUNPATH_SEARCH_PATHS = "$(inherited) @executable_path/Frameworks @loader_path/Frameworks";
				LIBRARY_SEARCH_PATHS = (
					"$(inherited)",
					"\"$(SRCROOT)/$(TARGET_NAME)\"",
				);
				PRODUCT_NAME = "$(TARGET_NAME)";
				TEST_HOST = "$(BUILT_PRODUCTS_DIR)/hopePing.app/hopePing";
			};
			name = Release;
		};
		13B07F941A680F5B00A75B9A /* Debug */ = {
			isa = XCBuildConfiguration;
			buildSettings = {
				ASSETCATALOG_COMPILER_APPICON_NAME = AppIcon;
				DEAD_CODE_STRIPPING = NO;
				HEADER_SEARCH_PATHS = (
					"$(inherited)",
					/Applications/Xcode.app/Contents/Developer/Toolchains/XcodeDefault.xctoolchain/usr/include,
					"$(SRCROOT)/../node_modules/react-native/React/**",
					"$(SRCROOT)/../node_modules/react-native-cookies/RNCookieManagerIOS",
					"$(SRCROOT)/../node_modules/react-native-vector-icons/RNVectorIconsManager",
				);
				INFOPLIST_FILE = hopePing/Info.plist;
				LD_RUNPATH_SEARCH_PATHS = "$(inherited) @executable_path/Frameworks";
				OTHER_LDFLAGS = (
					"$(inherited)",
					"-ObjC",
					"-lc++",
				);
				PRODUCT_NAME = hopePing;
			};
			name = Debug;
		};
		13B07F951A680F5B00A75B9A /* Release */ = {
			isa = XCBuildConfiguration;
			buildSettings = {
				ASSETCATALOG_COMPILER_APPICON_NAME = AppIcon;
				HEADER_SEARCH_PATHS = (
					"$(inherited)",
					/Applications/Xcode.app/Contents/Developer/Toolchains/XcodeDefault.xctoolchain/usr/include,
					"$(SRCROOT)/../node_modules/react-native/React/**",
					"$(SRCROOT)/../node_modules/react-native-cookies/RNCookieManagerIOS",
					"$(SRCROOT)/../node_modules/react-native-vector-icons/RNVectorIconsManager",
				);
				INFOPLIST_FILE = hopePing/Info.plist;
				LD_RUNPATH_SEARCH_PATHS = "$(inherited) @executable_path/Frameworks";
				OTHER_LDFLAGS = (
					"$(inherited)",
					"-ObjC",
					"-lc++",
				);
				PRODUCT_NAME = hopePing;
			};
			name = Release;
		};
		83CBBA201A601CBA00E9B192 /* Debug */ = {
			isa = XCBuildConfiguration;
			buildSettings = {
				ALWAYS_SEARCH_USER_PATHS = NO;
				CLANG_CXX_LANGUAGE_STANDARD = "gnu++0x";
				CLANG_CXX_LIBRARY = "libc++";
				CLANG_ENABLE_MODULES = YES;
				CLANG_ENABLE_OBJC_ARC = YES;
				CLANG_WARN_BOOL_CONVERSION = YES;
				CLANG_WARN_CONSTANT_CONVERSION = YES;
				CLANG_WARN_DIRECT_OBJC_ISA_USAGE = YES_ERROR;
				CLANG_WARN_EMPTY_BODY = YES;
				CLANG_WARN_ENUM_CONVERSION = YES;
				CLANG_WARN_INT_CONVERSION = YES;
				CLANG_WARN_OBJC_ROOT_CLASS = YES_ERROR;
				CLANG_WARN_UNREACHABLE_CODE = YES;
				CLANG_WARN__DUPLICATE_METHOD_MATCH = YES;
				"CODE_SIGN_IDENTITY[sdk=iphoneos*]" = "iPhone Developer";
				COPY_PHASE_STRIP = NO;
				ENABLE_STRICT_OBJC_MSGSEND = YES;
				GCC_C_LANGUAGE_STANDARD = gnu99;
				GCC_DYNAMIC_NO_PIC = NO;
				GCC_OPTIMIZATION_LEVEL = 0;
				GCC_PREPROCESSOR_DEFINITIONS = (
					"DEBUG=1",
					"$(inherited)",
				);
				GCC_SYMBOLS_PRIVATE_EXTERN = NO;
				GCC_WARN_64_TO_32_BIT_CONVERSION = YES;
				GCC_WARN_ABOUT_RETURN_TYPE = YES_ERROR;
				GCC_WARN_UNDECLARED_SELECTOR = YES;
				GCC_WARN_UNINITIALIZED_AUTOS = YES_AGGRESSIVE;
				GCC_WARN_UNUSED_FUNCTION = YES;
				GCC_WARN_UNUSED_VARIABLE = YES;
				HEADER_SEARCH_PATHS = (
					"$(inherited)",
					/Applications/Xcode.app/Contents/Developer/Toolchains/XcodeDefault.xctoolchain/usr/include,
					"$(SRCROOT)/../node_modules/react-native/React/**",
					"$(SRCROOT)/../node_modules/react-native-cookies/RNCookieManagerIOS",
					"$(SRCROOT)/../node_modules/react-native-vector-icons/RNVectorIconsManager",
				);
				IPHONEOS_DEPLOYMENT_TARGET = 7.0;
				MTL_ENABLE_DEBUG_INFO = YES;
				ONLY_ACTIVE_ARCH = YES;
				SDKROOT = iphoneos;
			};
			name = Debug;
		};
		83CBBA211A601CBA00E9B192 /* Release */ = {
			isa = XCBuildConfiguration;
			buildSettings = {
				ALWAYS_SEARCH_USER_PATHS = NO;
				CLANG_CXX_LANGUAGE_STANDARD = "gnu++0x";
				CLANG_CXX_LIBRARY = "libc++";
				CLANG_ENABLE_MODULES = YES;
				CLANG_ENABLE_OBJC_ARC = YES;
				CLANG_WARN_BOOL_CONVERSION = YES;
				CLANG_WARN_CONSTANT_CONVERSION = YES;
				CLANG_WARN_DIRECT_OBJC_ISA_USAGE = YES_ERROR;
				CLANG_WARN_EMPTY_BODY = YES;
				CLANG_WARN_ENUM_CONVERSION = YES;
				CLANG_WARN_INT_CONVERSION = YES;
				CLANG_WARN_OBJC_ROOT_CLASS = YES_ERROR;
				CLANG_WARN_UNREACHABLE_CODE = YES;
				CLANG_WARN__DUPLICATE_METHOD_MATCH = YES;
				"CODE_SIGN_IDENTITY[sdk=iphoneos*]" = "iPhone Developer";
				COPY_PHASE_STRIP = YES;
				ENABLE_NS_ASSERTIONS = NO;
				ENABLE_STRICT_OBJC_MSGSEND = YES;
				GCC_C_LANGUAGE_STANDARD = gnu99;
				GCC_WARN_64_TO_32_BIT_CONVERSION = YES;
				GCC_WARN_ABOUT_RETURN_TYPE = YES_ERROR;
				GCC_WARN_UNDECLARED_SELECTOR = YES;
				GCC_WARN_UNINITIALIZED_AUTOS = YES_AGGRESSIVE;
				GCC_WARN_UNUSED_FUNCTION = YES;
				GCC_WARN_UNUSED_VARIABLE = YES;
				HEADER_SEARCH_PATHS = (
					"$(inherited)",
					/Applications/Xcode.app/Contents/Developer/Toolchains/XcodeDefault.xctoolchain/usr/include,
					"$(SRCROOT)/../node_modules/react-native/React/**",
					"$(SRCROOT)/../node_modules/react-native-cookies/RNCookieManagerIOS",
					"$(SRCROOT)/../node_modules/react-native-vector-icons/RNVectorIconsManager",
				);
				IPHONEOS_DEPLOYMENT_TARGET = 7.0;
				MTL_ENABLE_DEBUG_INFO = NO;
				SDKROOT = iphoneos;
				VALIDATE_PRODUCT = YES;
			};
			name = Release;
		};
/* End XCBuildConfiguration section */

/* Begin XCConfigurationList section */
		00E357021AD99517003FC87E /* Build configuration list for PBXNativeTarget "hopePingTests" */ = {
			isa = XCConfigurationList;
			buildConfigurations = (
				00E356F61AD99517003FC87E /* Debug */,
				00E356F71AD99517003FC87E /* Release */,
			);
			defaultConfigurationIsVisible = 0;
			defaultConfigurationName = Release;
		};
		13B07F931A680F5B00A75B9A /* Build configuration list for PBXNativeTarget "hopePing" */ = {
			isa = XCConfigurationList;
			buildConfigurations = (
				13B07F941A680F5B00A75B9A /* Debug */,
				13B07F951A680F5B00A75B9A /* Release */,
			);
			defaultConfigurationIsVisible = 0;
			defaultConfigurationName = Release;
		};
		83CBB9FA1A601CBA00E9B192 /* Build configuration list for PBXProject "hopePing" */ = {
			isa = XCConfigurationList;
			buildConfigurations = (
				83CBBA201A601CBA00E9B192 /* Debug */,
				83CBBA211A601CBA00E9B192 /* Release */,
			);
			defaultConfigurationIsVisible = 0;
			defaultConfigurationName = Release;
		};
/* End XCConfigurationList section */
	};
	rootObject = 83CBB9F71A601CBA00E9B192 /* Project object */;
}
